
Microsoft Visual Studio Solution File, Format Version 12.00
# Visual Studio Version 17
VisualStudioVersion = 17.10.35027.167
MinimumVisualStudioVersion = 10.0.40219.1
Project("{9A19103F-16F7-4668-BE54-9A1E7A4F7556}") = "to-do-list-console-ef", "to-do-list-console-ef.csproj", "{90C4B290-0E39-4798-B6B2-BE330BEE76BA}"
EndProject
Global
	GlobalSection(SolutionConfigurationPlatforms) = preSolution
		Debug|Any CPU = Debug|Any CPU
		Release|Any CPU = Release|Any CPU
	EndGlobalSection
	GlobalSection(ProjectConfigurationPlatforms) = postSolution
		{90C4B290-0E39-4798-B6B2-BE330BEE76BA}.Debug|Any CPU.ActiveCfg = Debug|Any CPU
		{90C4B290-0E39-4798-B6B2-BE330BEE76BA}.Debug|Any CPU.Build.0 = Debug|Any CPU
		{90C4B290-0E39-4798-B6B2-BE330BEE76BA}.Release|Any CPU.ActiveCfg = Release|Any CPU
		{90C4B290-0E39-4798-B6B2-BE330BEE76BA}.Release|Any CPU.Build.0 = Release|Any CPU
	EndGlobalSection
	GlobalSection(SolutionProperties) = preSolution
		HideSolutionNode = FALSE
	EndGlobalSection
	GlobalSection(ExtensibilityGlobals) = postSolution
		SolutionGuid = {1733CB79-F877-4D6F-8E81-0ACF9AF95F22}
	EndGlobalSection
EndGlobal
