
Microsoft Visual Studio Solution File, Format Version 12.00
# Visual Studio Version 17
VisualStudioVersion = 17.5.002.0
MinimumVisualStudioVersion = 10.0.40219.1
Project("{9A19103F-16F7-4668-BE54-9A1E7A4F7556}") = "to-do-list-console", "to-do-list-console\to-do-list.csproj", "{2EC13E4C-E28A-47AE-8F85-3164E41C3BF1}"
EndProject
Global
	GlobalSection(SolutionConfigurationPlatforms) = preSolution
		Debug|Any CPU = Debug|Any CPU
		Release|Any CPU = Release|Any CPU
	EndGlobalSection
	GlobalSection(ProjectConfigurationPlatforms) = postSolution
		{2EC13E4C-E28A-47AE-8F85-3164E41C3BF1}.Debug|Any CPU.ActiveCfg = Debug|Any CPU
		{2EC13E4C-E28A-47AE-8F85-3164E41C3BF1}.Debug|Any CPU.Build.0 = Debug|Any CPU
		{2EC13E4C-E28A-47AE-8F85-3164E41C3BF1}.Release|Any CPU.ActiveCfg = Release|Any CPU
		{2EC13E4C-E28A-47AE-8F85-3164E41C3BF1}.Release|Any CPU.Build.0 = Release|Any CPU
	EndGlobalSection
	GlobalSection(SolutionProperties) = preSolution
		HideSolutionNode = FALSE
	EndGlobalSection
	GlobalSection(ExtensibilityGlobals) = postSolution
		SolutionGuid = {7DE22890-9092-424D-9B10-26C0AD45AD22}
	EndGlobalSection
EndGlobal
